
Microsoft Visual Studio Solution File, Format Version 12.00
# Visual Studio 15
VisualStudioVersion = 15.0.26430.12
MinimumVisualStudioVersion = 10.0.40219.1
Project("{FAE04EC0-301F-11D3-BF4B-00C04F79EFBC}") = "TwoJoggers", "TwoJoggers\TwoJoggers.csproj", "{09406EFF-7B88-4E7A-A2E1-3DCF9D34C502}"
EndProject
Project("{FAE04EC0-301F-11D3-BF4B-00C04F79EFBC}") = "TwoJoggers.Tests", "TwoJoggers.Tests\TwoJoggers.Tests.csproj", "{1EAE671D-0A89-41EC-9B17-12DBC4631A56}"
EndProject
Global
	GlobalSection(SolutionConfigurationPlatforms) = preSolution
		Debug|Any CPU = Debug|Any CPU
		Release|Any CPU = Release|Any CPU
	EndGlobalSection
	GlobalSection(ProjectConfigurationPlatforms) = postSolution
		{09406EFF-7B88-4E7A-A2E1-3DCF9D34C502}.Debug|Any CPU.ActiveCfg = Debug|Any CPU
		{09406EFF-7B88-4E7A-A2E1-3DCF9D34C502}.Debug|Any CPU.Build.0 = Debug|Any CPU
		{09406EFF-7B88-4E7A-A2E1-3DCF9D34C502}.Release|Any CPU.ActiveCfg = Release|Any CPU
		{09406EFF-7B88-4E7A-A2E1-3DCF9D34C502}.Release|Any CPU.Build.0 = Release|Any CPU
		{1EAE671D-0A89-41EC-9B17-12DBC4631A56}.Debug|Any CPU.ActiveCfg = Debug|Any CPU
		{1EAE671D-0A89-41EC-9B17-12DBC4631A56}.Debug|Any CPU.Build.0 = Debug|Any CPU
		{1EAE671D-0A89-41EC-9B17-12DBC4631A56}.Release|Any CPU.ActiveCfg = Release|Any CPU
		{1EAE671D-0A89-41EC-9B17-12DBC4631A56}.Release|Any CPU.Build.0 = Release|Any CPU
	EndGlobalSection
	GlobalSection(SolutionProperties) = preSolution
		HideSolutionNode = FALSE
	EndGlobalSection
EndGlobal
